
Microsoft Visual Studio Solution File, Format Version 12.00
# Visual Studio Version 17
VisualStudioVersion = 17.14.36401.2 d17.14
MinimumVisualStudioVersion = 10.0.40219.1
Project("{54A90642-561A-4BB1-A94E-469ADEE60C69}") = "BackpackMinigame", "BackpackMinigame.esproj", "{5CC121EF-A030-179B-4E1A-D0FC68F3D648}"
EndProject
Global
	GlobalSection(SolutionConfigurationPlatforms) = preSolution
		Debug|Any CPU = Debug|Any CPU
		Release|Any CPU = Release|Any CPU
	EndGlobalSection
	GlobalSection(ProjectConfigurationPlatforms) = postSolution
		{5CC121EF-A030-179B-4E1A-D0FC68F3D648}.Debug|Any CPU.ActiveCfg = Debug|Any CPU
		{5CC121EF-A030-179B-4E1A-D0FC68F3D648}.Debug|Any CPU.Build.0 = Debug|Any CPU
		{5CC121EF-A030-179B-4E1A-D0FC68F3D648}.Debug|Any CPU.Deploy.0 = Debug|Any CPU
		{5CC121EF-A030-179B-4E1A-D0FC68F3D648}.Release|Any CPU.ActiveCfg = Release|Any CPU
		{5CC121EF-A030-179B-4E1A-D0FC68F3D648}.Release|Any CPU.Build.0 = Release|Any CPU
		{5CC121EF-A030-179B-4E1A-D0FC68F3D648}.Release|Any CPU.Deploy.0 = Release|Any CPU
	EndGlobalSection
	GlobalSection(SolutionProperties) = preSolution
		HideSolutionNode = FALSE
	EndGlobalSection
	GlobalSection(ExtensibilityGlobals) = postSolution
		SolutionGuid = {9F42A920-C1EA-4EBF-97A0-E2ED20DDCB4B}
	EndGlobalSection
EndGlobal
